
Microsoft Visual Studio Solution File, Format Version 11.00
# Visual C# Express 2010
Project("{FAE04EC0-301F-11D3-BF4B-00C04F79EFBC}") = "ProjektArbete", "ProjektArbete\ProjektArbete\ProjektArbete.csproj", "{A3933E77-2B5D-4DDD-BE9D-01A970279F68}"
EndProject
Project("{96E2B04D-8817-42C6-938A-82C39BA4D311}") = "ProjektArbeteContent", "ProjektArbete\ProjektArbeteContent\ProjektArbeteContent.contentproj", "{069E9723-8BAB-409B-A613-4BED25047288}"
EndProject
Global
	GlobalSection(SolutionConfigurationPlatforms) = preSolution
		Debug|x86 = Debug|x86
		Release|x86 = Release|x86
	EndGlobalSection
	GlobalSection(ProjectConfigurationPlatforms) = postSolution
		{A3933E77-2B5D-4DDD-BE9D-01A970279F68}.Debug|x86.ActiveCfg = Debug|x86
		{A3933E77-2B5D-4DDD-BE9D-01A970279F68}.Debug|x86.Build.0 = Debug|x86
		{A3933E77-2B5D-4DDD-BE9D-01A970279F68}.Release|x86.ActiveCfg = Release|x86
		{A3933E77-2B5D-4DDD-BE9D-01A970279F68}.Release|x86.Build.0 = Release|x86
		{069E9723-8BAB-409B-A613-4BED25047288}.Debug|x86.ActiveCfg = Debug|x86
		{069E9723-8BAB-409B-A613-4BED25047288}.Release|x86.ActiveCfg = Release|x86
	EndGlobalSection
	GlobalSection(SolutionProperties) = preSolution
		HideSolutionNode = FALSE
	EndGlobalSection
EndGlobal
